
Microsoft Visual Studio Solution File, Format Version 12.00
# Visual Studio 2013
VisualStudioVersion = 12.0.21005.1
MinimumVisualStudioVersion = 10.0.40219.1
Project("{FAE04EC0-301F-11D3-BF4B-00C04F79EFBC}") = "CompDatabases", "CompDatabases\CompDatabases.csproj", "{B43FC076-1704-409A-A4F5-91A5DB22B4CF}"
EndProject
Project("{FAE04EC0-301F-11D3-BF4B-00C04F79EFBC}") = "DataVisualization", "DataVisualization\DataVisualization.csproj", "{D0579933-A75E-404C-994E-2C183C17D343}"
EndProject
Project("{FAE04EC0-301F-11D3-BF4B-00C04F79EFBC}") = "DataCaching", "DataCaching\DataCaching.csproj", "{D75B2357-5398-4B6E-B718-9CBEE35BC6E8}"
EndProject
Global
	GlobalSection(SolutionConfigurationPlatforms) = preSolution
		Debug|Any CPU = Debug|Any CPU
		Debug|x64 = Debug|x64
		Debug|x86 = Debug|x86
		Release|Any CPU = Release|Any CPU
		Release|x64 = Release|x64
		Release|x86 = Release|x86
	EndGlobalSection
	GlobalSection(ProjectConfigurationPlatforms) = postSolution
		{B43FC076-1704-409A-A4F5-91A5DB22B4CF}.Debug|Any CPU.ActiveCfg = Debug|Any CPU
		{B43FC076-1704-409A-A4F5-91A5DB22B4CF}.Debug|Any CPU.Build.0 = Debug|Any CPU
		{B43FC076-1704-409A-A4F5-91A5DB22B4CF}.Debug|x64.ActiveCfg = Debug|Any CPU
		{B43FC076-1704-409A-A4F5-91A5DB22B4CF}.Debug|x64.Build.0 = Debug|Any CPU
		{B43FC076-1704-409A-A4F5-91A5DB22B4CF}.Debug|x86.ActiveCfg = Debug|Any CPU
		{B43FC076-1704-409A-A4F5-91A5DB22B4CF}.Debug|x86.Build.0 = Debug|Any CPU
		{B43FC076-1704-409A-A4F5-91A5DB22B4CF}.Release|Any CPU.ActiveCfg = Release|Any CPU
		{B43FC076-1704-409A-A4F5-91A5DB22B4CF}.Release|Any CPU.Build.0 = Release|Any CPU
		{B43FC076-1704-409A-A4F5-91A5DB22B4CF}.Release|x64.ActiveCfg = Release|x64
		{B43FC076-1704-409A-A4F5-91A5DB22B4CF}.Release|x64.Build.0 = Release|x64
		{B43FC076-1704-409A-A4F5-91A5DB22B4CF}.Release|x86.ActiveCfg = Release|x86
		{B43FC076-1704-409A-A4F5-91A5DB22B4CF}.Release|x86.Build.0 = Release|x86
		{D0579933-A75E-404C-994E-2C183C17D343}.Debug|Any CPU.ActiveCfg = Debug|Any CPU
		{D0579933-A75E-404C-994E-2C183C17D343}.Debug|Any CPU.Build.0 = Debug|Any CPU
		{D0579933-A75E-404C-994E-2C183C17D343}.Debug|x64.ActiveCfg = Debug|Any CPU
		{D0579933-A75E-404C-994E-2C183C17D343}.Debug|x86.ActiveCfg = Debug|Any CPU
		{D0579933-A75E-404C-994E-2C183C17D343}.Release|Any CPU.ActiveCfg = Release|Any CPU
		{D0579933-A75E-404C-994E-2C183C17D343}.Release|Any CPU.Build.0 = Release|Any CPU
		{D0579933-A75E-404C-994E-2C183C17D343}.Release|x64.ActiveCfg = Release|Any CPU
		{D0579933-A75E-404C-994E-2C183C17D343}.Release|x86.ActiveCfg = Release|Any CPU
		{D75B2357-5398-4B6E-B718-9CBEE35BC6E8}.Debug|Any CPU.ActiveCfg = Debug|Any CPU
		{D75B2357-5398-4B6E-B718-9CBEE35BC6E8}.Debug|Any CPU.Build.0 = Debug|Any CPU
		{D75B2357-5398-4B6E-B718-9CBEE35BC6E8}.Debug|x64.ActiveCfg = Debug|Any CPU
		{D75B2357-5398-4B6E-B718-9CBEE35BC6E8}.Debug|x86.ActiveCfg = Debug|Any CPU
		{D75B2357-5398-4B6E-B718-9CBEE35BC6E8}.Release|Any CPU.ActiveCfg = Release|Any CPU
		{D75B2357-5398-4B6E-B718-9CBEE35BC6E8}.Release|Any CPU.Build.0 = Release|Any CPU
		{D75B2357-5398-4B6E-B718-9CBEE35BC6E8}.Release|x64.ActiveCfg = Release|Any CPU
		{D75B2357-5398-4B6E-B718-9CBEE35BC6E8}.Release|x86.ActiveCfg = Release|Any CPU
	EndGlobalSection
	GlobalSection(SolutionProperties) = preSolution
		HideSolutionNode = FALSE
	EndGlobalSection
EndGlobal
